
Microsoft Visual Studio Solution File, Format Version 12.00
# Visual Studio Version 17
VisualStudioVersion = 17.7.34024.191
MinimumVisualStudioVersion = 10.0.40219.1
Project("{8BC9CEB8-8B4A-11D0-8D11-00A0C91BC942}") = "Wave_Reflection", "Wave_Reflection.vcxproj", "{55D141FA-7D60-430C-A5E3-FF91890D9A67}"
EndProject
Global
	GlobalSection(SolutionConfigurationPlatforms) = preSolution
		Debug|x64 = Debug|x64
		Release|x64 = Release|x64
	EndGlobalSection
	GlobalSection(ProjectConfigurationPlatforms) = postSolution
		{55D141FA-7D60-430C-A5E3-FF91890D9A67}.Debug|x64.ActiveCfg = Debug|x64
		{55D141FA-7D60-430C-A5E3-FF91890D9A67}.Debug|x64.Build.0 = Debug|x64
		{55D141FA-7D60-430C-A5E3-FF91890D9A67}.Release|x64.ActiveCfg = Release|x64
		{55D141FA-7D60-430C-A5E3-FF91890D9A67}.Release|x64.Build.0 = Release|x64
	EndGlobalSection
	GlobalSection(SolutionProperties) = preSolution
		HideSolutionNode = FALSE
	EndGlobalSection
	GlobalSection(ExtensibilityGlobals) = postSolution
		SolutionGuid = {6EF3275C-C57D-4204-AFB3-019EB3ADA898}
	EndGlobalSection
EndGlobal
